
Microsoft Visual Studio Solution File, Format Version 12.00
# Visual Studio Version 17
VisualStudioVersion = 17.9.34728.123
MinimumVisualStudioVersion = 10.0.40219.1
Project("{9A19103F-16F7-4668-BE54-9A1E7A4F7556}") = "Eskitech.API", "Eskitech.API\Eskitech.API.csproj", "{B581BE40-C067-4202-AE69-03612B60562B}"
EndProject
Project("{9A19103F-16F7-4668-BE54-9A1E7A4F7556}") = "Eskitech.Contracts", "Eskitech.Contracts\Eskitech.Contracts.csproj", "{D949F95D-8BCF-4D61-BBEE-0234CD33B708}"
EndProject
Project("{9A19103F-16F7-4668-BE54-9A1E7A4F7556}") = "Eskitech.Infrastructure", "Eskitech.Infrastructure\Eskitech.Infrastructure.csproj", "{A3285074-6072-4528-94FE-DFAAC2CC5769}"
EndProject
Project("{9A19103F-16F7-4668-BE54-9A1E7A4F7556}") = "Eskitech.Domain", "Eskitech.Domain\Eskitech.Domain.csproj", "{B40E2257-F0DB-43B3-B035-27B0FFA4DBEA}"
EndProject
Project("{FAE04EC0-301F-11D3-BF4B-00C04F79EFBC}") = "Eskitech.Entities", "Eskitech.Entities\Eskitech.Entities.csproj", "{67B1D733-87A2-48DE-9DF0-876BE2B52A27}"
EndProject
Global
	GlobalSection(SolutionConfigurationPlatforms) = preSolution
		Debug|Any CPU = Debug|Any CPU
		Release|Any CPU = Release|Any CPU
	EndGlobalSection
	GlobalSection(ProjectConfigurationPlatforms) = postSolution
		{B581BE40-C067-4202-AE69-03612B60562B}.Debug|Any CPU.ActiveCfg = Debug|Any CPU
		{B581BE40-C067-4202-AE69-03612B60562B}.Debug|Any CPU.Build.0 = Debug|Any CPU
		{B581BE40-C067-4202-AE69-03612B60562B}.Release|Any CPU.ActiveCfg = Release|Any CPU
		{B581BE40-C067-4202-AE69-03612B60562B}.Release|Any CPU.Build.0 = Release|Any CPU
		{D949F95D-8BCF-4D61-BBEE-0234CD33B708}.Debug|Any CPU.ActiveCfg = Debug|Any CPU
		{D949F95D-8BCF-4D61-BBEE-0234CD33B708}.Debug|Any CPU.Build.0 = Debug|Any CPU
		{D949F95D-8BCF-4D61-BBEE-0234CD33B708}.Release|Any CPU.ActiveCfg = Release|Any CPU
		{D949F95D-8BCF-4D61-BBEE-0234CD33B708}.Release|Any CPU.Build.0 = Release|Any CPU
		{A3285074-6072-4528-94FE-DFAAC2CC5769}.Debug|Any CPU.ActiveCfg = Debug|Any CPU
		{A3285074-6072-4528-94FE-DFAAC2CC5769}.Debug|Any CPU.Build.0 = Debug|Any CPU
		{A3285074-6072-4528-94FE-DFAAC2CC5769}.Release|Any CPU.ActiveCfg = Release|Any CPU
		{A3285074-6072-4528-94FE-DFAAC2CC5769}.Release|Any CPU.Build.0 = Release|Any CPU
		{B40E2257-F0DB-43B3-B035-27B0FFA4DBEA}.Debug|Any CPU.ActiveCfg = Debug|Any CPU
		{B40E2257-F0DB-43B3-B035-27B0FFA4DBEA}.Debug|Any CPU.Build.0 = Debug|Any CPU
		{B40E2257-F0DB-43B3-B035-27B0FFA4DBEA}.Release|Any CPU.ActiveCfg = Release|Any CPU
		{B40E2257-F0DB-43B3-B035-27B0FFA4DBEA}.Release|Any CPU.Build.0 = Release|Any CPU
		{67B1D733-87A2-48DE-9DF0-876BE2B52A27}.Debug|Any CPU.ActiveCfg = Debug|Any CPU
		{67B1D733-87A2-48DE-9DF0-876BE2B52A27}.Debug|Any CPU.Build.0 = Debug|Any CPU
		{67B1D733-87A2-48DE-9DF0-876BE2B52A27}.Release|Any CPU.ActiveCfg = Release|Any CPU
		{67B1D733-87A2-48DE-9DF0-876BE2B52A27}.Release|Any CPU.Build.0 = Release|Any CPU
	EndGlobalSection
	GlobalSection(SolutionProperties) = preSolution
		HideSolutionNode = FALSE
	EndGlobalSection
	GlobalSection(ExtensibilityGlobals) = postSolution
		SolutionGuid = {3BC879A2-788A-4EF9-94F3-CC4F51DA12DF}
	EndGlobalSection
EndGlobal
